
Microsoft Visual Studio Solution File, Format Version 12.00
# Visual Studio Version 17
VisualStudioVersion = 17.13.35931.197 d17.13
MinimumVisualStudioVersion = 10.0.40219.1
Project("{FAE04EC0-301F-11D3-BF4B-00C04F79EFBC}") = "DotNetAIErudio-Voice", "DotNetAIErudio-Voice\DotNetAIErudio-Voice.csproj", "{E8B21F18-446D-478F-8173-3F6E0B5DA141}"
EndProject
Global
	GlobalSection(SolutionConfigurationPlatforms) = preSolution
		Debug|Any CPU = Debug|Any CPU
		Release|Any CPU = Release|Any CPU
	EndGlobalSection
	GlobalSection(ProjectConfigurationPlatforms) = postSolution
		{E8B21F18-446D-478F-8173-3F6E0B5DA141}.Debug|Any CPU.ActiveCfg = Debug|Any CPU
		{E8B21F18-446D-478F-8173-3F6E0B5DA141}.Debug|Any CPU.Build.0 = Debug|Any CPU
		{E8B21F18-446D-478F-8173-3F6E0B5DA141}.Release|Any CPU.ActiveCfg = Release|Any CPU
		{E8B21F18-446D-478F-8173-3F6E0B5DA141}.Release|Any CPU.Build.0 = Release|Any CPU
	EndGlobalSection
	GlobalSection(SolutionProperties) = preSolution
		HideSolutionNode = FALSE
	EndGlobalSection
	GlobalSection(ExtensibilityGlobals) = postSolution
		SolutionGuid = {69BB938B-91E7-4FFC-A618-0F7AAC30C52E}
	EndGlobalSection
EndGlobal
